
Microsoft Visual Studio Solution File, Format Version 12.00
# Visual Studio 15
VisualStudioVersion = 15.0.27130.2027
MinimumVisualStudioVersion = 10.0.40219.1
Project("{FAE04EC0-301F-11D3-BF4B-00C04F79EFBC}") = "MovieNightVoteBot", "MovieNightVoteBot\MovieNightVoteBot.csproj", "{C1C7638C-A37A-4A61-BDA5-B48E92777F32}"
EndProject
Global
	GlobalSection(SolutionConfigurationPlatforms) = preSolution
		Debug|Any CPU = Debug|Any CPU
		Release|Any CPU = Release|Any CPU
	EndGlobalSection
	GlobalSection(ProjectConfigurationPlatforms) = postSolution
		{C1C7638C-A37A-4A61-BDA5-B48E92777F32}.Debug|Any CPU.ActiveCfg = Debug|Any CPU
		{C1C7638C-A37A-4A61-BDA5-B48E92777F32}.Debug|Any CPU.Build.0 = Debug|Any CPU
		{C1C7638C-A37A-4A61-BDA5-B48E92777F32}.Release|Any CPU.ActiveCfg = Release|Any CPU
		{C1C7638C-A37A-4A61-BDA5-B48E92777F32}.Release|Any CPU.Build.0 = Release|Any CPU
	EndGlobalSection
	GlobalSection(SolutionProperties) = preSolution
		HideSolutionNode = FALSE
	EndGlobalSection
	GlobalSection(ExtensibilityGlobals) = postSolution
		SolutionGuid = {82960C4B-B61E-41BD-B6DB-C3C6FEC0667D}
	EndGlobalSection
EndGlobal
